
Microsoft Visual Studio Solution File, Format Version 11.00
# Visual Studio 2010
Project("{FAE04EC0-301F-11D3-BF4B-00C04F79EFBC}") = "TapMath Project", "Assembly-CSharp.csproj", "{2DE0ABCD-A711-1346-6ECB-431388963986}"
EndProject
Global
	GlobalSection(SolutionConfigurationPlatforms) = preSolution
		Debug|Any CPU = Debug|Any CPU
		Release|Any CPU = Release|Any CPU
	EndGlobalSection
	GlobalSection(ProjectConfigurationPlatforms) = postSolution
		{2DE0ABCD-A711-1346-6ECB-431388963986}.Debug|Any CPU.ActiveCfg = Debug|Any CPU
		{2DE0ABCD-A711-1346-6ECB-431388963986}.Debug|Any CPU.Build.0 = Debug|Any CPU
		{2DE0ABCD-A711-1346-6ECB-431388963986}.Release|Any CPU.ActiveCfg = Release|Any CPU
		{2DE0ABCD-A711-1346-6ECB-431388963986}.Release|Any CPU.Build.0 = Release|Any CPU
	EndGlobalSection
	GlobalSection(SolutionProperties) = preSolution
		HideSolutionNode = FALSE
	EndGlobalSection
	GlobalSection(MonoDevelopProperties) = preSolution
		StartupItem = Assembly-CSharp.csproj
	EndGlobalSection
EndGlobal
